
Microsoft Visual Studio Solution File, Format Version 12.00
# Visual Studio Version 16
VisualStudioVersion = 16.0.30804.86
MinimumVisualStudioVersion = 10.0.40219.1
Project("{FAE04EC0-301F-11D3-BF4B-00C04F79EFBC}") = "CIS353GroupB", "CIS353GroupB\CIS353GroupB.csproj", "{6B69C1DC-97BA-4905-9A8D-2960E9F69521}"
EndProject
Global
	GlobalSection(SolutionConfigurationPlatforms) = preSolution
		Debug|Any CPU = Debug|Any CPU
		Release|Any CPU = Release|Any CPU
	EndGlobalSection
	GlobalSection(ProjectConfigurationPlatforms) = postSolution
		{6B69C1DC-97BA-4905-9A8D-2960E9F69521}.Debug|Any CPU.ActiveCfg = Debug|Any CPU
		{6B69C1DC-97BA-4905-9A8D-2960E9F69521}.Debug|Any CPU.Build.0 = Debug|Any CPU
		{6B69C1DC-97BA-4905-9A8D-2960E9F69521}.Release|Any CPU.ActiveCfg = Release|Any CPU
		{6B69C1DC-97BA-4905-9A8D-2960E9F69521}.Release|Any CPU.Build.0 = Release|Any CPU
	EndGlobalSection
	GlobalSection(SolutionProperties) = preSolution
		HideSolutionNode = FALSE
	EndGlobalSection
	GlobalSection(ExtensibilityGlobals) = postSolution
		SolutionGuid = {2A1FD306-8602-4092-A50D-FC2E07B670F0}
	EndGlobalSection
EndGlobal
